
Microsoft Visual Studio Solution File, Format Version 12.00
# Visual Studio Version 17
VisualStudioVersion = 17.11.35208.52
MinimumVisualStudioVersion = 10.0.40219.1
Project("{9A19103F-16F7-4668-BE54-9A1E7A4F7556}") = "AgendaApi", "AgendaApi\AgendaApi.csproj", "{F330C390-4D53-45EA-B90F-E2F12F18F6B5}"
EndProject
Project("{FAE04EC0-301F-11D3-BF4B-00C04F79EFBC}") = "Desafio2", "Desafio1\Desafio2.csproj", "{378325EF-1B9A-4F8E-BF4A-E6BE148ECC17}"
EndProject
Global
	GlobalSection(SolutionConfigurationPlatforms) = preSolution
		Debug|Any CPU = Debug|Any CPU
		Release|Any CPU = Release|Any CPU
	EndGlobalSection
	GlobalSection(ProjectConfigurationPlatforms) = postSolution
		{F330C390-4D53-45EA-B90F-E2F12F18F6B5}.Debug|Any CPU.ActiveCfg = Debug|Any CPU
		{F330C390-4D53-45EA-B90F-E2F12F18F6B5}.Debug|Any CPU.Build.0 = Debug|Any CPU
		{F330C390-4D53-45EA-B90F-E2F12F18F6B5}.Release|Any CPU.ActiveCfg = Release|Any CPU
		{F330C390-4D53-45EA-B90F-E2F12F18F6B5}.Release|Any CPU.Build.0 = Release|Any CPU
		{378325EF-1B9A-4F8E-BF4A-E6BE148ECC17}.Debug|Any CPU.ActiveCfg = Debug|Any CPU
		{378325EF-1B9A-4F8E-BF4A-E6BE148ECC17}.Debug|Any CPU.Build.0 = Debug|Any CPU
		{378325EF-1B9A-4F8E-BF4A-E6BE148ECC17}.Release|Any CPU.ActiveCfg = Release|Any CPU
		{378325EF-1B9A-4F8E-BF4A-E6BE148ECC17}.Release|Any CPU.Build.0 = Release|Any CPU
	EndGlobalSection
	GlobalSection(SolutionProperties) = preSolution
		HideSolutionNode = FALSE
	EndGlobalSection
	GlobalSection(ExtensibilityGlobals) = postSolution
		SolutionGuid = {A22C09A7-03F4-402E-9721-E55D71B7E689}
	EndGlobalSection
EndGlobal
